
Microsoft Visual Studio Solution File, Format Version 12.00
# Visual Studio Version 17
VisualStudioVersion = 17.1.32228.430
MinimumVisualStudioVersion = 10.0.40219.1
Project("{FAE04EC0-301F-11D3-BF4B-00C04F79EFBC}") = "1.DAL", "1.DAL\1.DAL.csproj", "{C9EDFF1B-E7DF-40E4-ABA4-CE0A2A552C7F}"
EndProject
Project("{FAE04EC0-301F-11D3-BF4B-00C04F79EFBC}") = "2.BUS", "2.BUS\2.BUS.csproj", "{7681F060-9924-47F5-8FB8-4ADD120E1764}"
EndProject
Project("{FAE04EC0-301F-11D3-BF4B-00C04F79EFBC}") = "3.PL", "3.PL\3.PL.csproj", "{78B218D4-2EB6-4F9C-A102-5A6EEA024FA3}"
EndProject
Global
	GlobalSection(SolutionConfigurationPlatforms) = preSolution
		Debug|Any CPU = Debug|Any CPU
		Release|Any CPU = Release|Any CPU
	EndGlobalSection
	GlobalSection(ProjectConfigurationPlatforms) = postSolution
		{C9EDFF1B-E7DF-40E4-ABA4-CE0A2A552C7F}.Debug|Any CPU.ActiveCfg = Debug|Any CPU
		{C9EDFF1B-E7DF-40E4-ABA4-CE0A2A552C7F}.Debug|Any CPU.Build.0 = Debug|Any CPU
		{C9EDFF1B-E7DF-40E4-ABA4-CE0A2A552C7F}.Release|Any CPU.ActiveCfg = Release|Any CPU
		{C9EDFF1B-E7DF-40E4-ABA4-CE0A2A552C7F}.Release|Any CPU.Build.0 = Release|Any CPU
		{7681F060-9924-47F5-8FB8-4ADD120E1764}.Debug|Any CPU.ActiveCfg = Debug|Any CPU
		{7681F060-9924-47F5-8FB8-4ADD120E1764}.Debug|Any CPU.Build.0 = Debug|Any CPU
		{7681F060-9924-47F5-8FB8-4ADD120E1764}.Release|Any CPU.ActiveCfg = Release|Any CPU
		{7681F060-9924-47F5-8FB8-4ADD120E1764}.Release|Any CPU.Build.0 = Release|Any CPU
		{78B218D4-2EB6-4F9C-A102-5A6EEA024FA3}.Debug|Any CPU.ActiveCfg = Debug|Any CPU
		{78B218D4-2EB6-4F9C-A102-5A6EEA024FA3}.Debug|Any CPU.Build.0 = Debug|Any CPU
		{78B218D4-2EB6-4F9C-A102-5A6EEA024FA3}.Release|Any CPU.ActiveCfg = Release|Any CPU
		{78B218D4-2EB6-4F9C-A102-5A6EEA024FA3}.Release|Any CPU.Build.0 = Release|Any CPU
	EndGlobalSection
	GlobalSection(SolutionProperties) = preSolution
		HideSolutionNode = FALSE
	EndGlobalSection
	GlobalSection(ExtensibilityGlobals) = postSolution
		SolutionGuid = {30BD3CE5-230B-4ABC-9484-63353EEB48E9}
	EndGlobalSection
EndGlobal
